
Microsoft Visual Studio Solution File, Format Version 12.00
# Visual Studio Version 16
VisualStudioVersion = 16.0.32602.290
MinimumVisualStudioVersion = 10.0.40219.1
Project("{FAE04EC0-301F-11D3-BF4B-00C04F79EFBC}") = "Tema2-TamanyoTexto", "Tema2-TamanyoTexto.csproj", "{F8EF2838-8E9D-4C17-9D55-304C54F7DE2B}"
EndProject
Global
	GlobalSection(SolutionConfigurationPlatforms) = preSolution
		Debug|Any CPU = Debug|Any CPU
		Release|Any CPU = Release|Any CPU
	EndGlobalSection
	GlobalSection(ProjectConfigurationPlatforms) = postSolution
		{F8EF2838-8E9D-4C17-9D55-304C54F7DE2B}.Debug|Any CPU.ActiveCfg = Debug|Any CPU
		{F8EF2838-8E9D-4C17-9D55-304C54F7DE2B}.Debug|Any CPU.Build.0 = Debug|Any CPU
		{F8EF2838-8E9D-4C17-9D55-304C54F7DE2B}.Release|Any CPU.ActiveCfg = Release|Any CPU
		{F8EF2838-8E9D-4C17-9D55-304C54F7DE2B}.Release|Any CPU.Build.0 = Release|Any CPU
	EndGlobalSection
	GlobalSection(SolutionProperties) = preSolution
		HideSolutionNode = FALSE
	EndGlobalSection
	GlobalSection(ExtensibilityGlobals) = postSolution
		SolutionGuid = {A5AFAF98-6729-49CB-912F-131B325C7D3D}
	EndGlobalSection
EndGlobal
